
Microsoft Visual Studio Solution File, Format Version 12.00
# Visual Studio Version 16
VisualStudioVersion = 16.0.31410.357
MinimumVisualStudioVersion = 10.0.40219.1
Project("{9A19103F-16F7-4668-BE54-9A1E7A4F7556}") = "MoodAnalyzer", "MoodAnalyzer.csproj", "{8949C8B8-7940-42A6-9C5F-A533223A7929}"
EndProject
Project("{FAE04EC0-301F-11D3-BF4B-00C04F79EFBC}") = "NunittestOfMoodAnalyser", "..\NunittestOfMoodAnalyser\NunittestOfMoodAnalyser.csproj", "{9ECA1A84-10A3-43F3-9415-A67A57439BD0}"
EndProject
Global
	GlobalSection(SolutionConfigurationPlatforms) = preSolution
		Debug|Any CPU = Debug|Any CPU
		Release|Any CPU = Release|Any CPU
	EndGlobalSection
	GlobalSection(ProjectConfigurationPlatforms) = postSolution
		{8949C8B8-7940-42A6-9C5F-A533223A7929}.Debug|Any CPU.ActiveCfg = Debug|Any CPU
		{8949C8B8-7940-42A6-9C5F-A533223A7929}.Debug|Any CPU.Build.0 = Debug|Any CPU
		{8949C8B8-7940-42A6-9C5F-A533223A7929}.Release|Any CPU.ActiveCfg = Release|Any CPU
		{8949C8B8-7940-42A6-9C5F-A533223A7929}.Release|Any CPU.Build.0 = Release|Any CPU
		{9ECA1A84-10A3-43F3-9415-A67A57439BD0}.Debug|Any CPU.ActiveCfg = Debug|Any CPU
		{9ECA1A84-10A3-43F3-9415-A67A57439BD0}.Debug|Any CPU.Build.0 = Debug|Any CPU
		{9ECA1A84-10A3-43F3-9415-A67A57439BD0}.Release|Any CPU.ActiveCfg = Release|Any CPU
		{9ECA1A84-10A3-43F3-9415-A67A57439BD0}.Release|Any CPU.Build.0 = Release|Any CPU
	EndGlobalSection
	GlobalSection(SolutionProperties) = preSolution
		HideSolutionNode = FALSE
	EndGlobalSection
	GlobalSection(ExtensibilityGlobals) = postSolution
		SolutionGuid = {CC3AB8EB-DFD2-44F2-8B7A-118E9A1E8833}
	EndGlobalSection
EndGlobal
